
Microsoft Visual Studio Solution File, Format Version 12.00
# Visual Studio 2013
VisualStudioVersion = 12.0.30501.0
MinimumVisualStudioVersion = 10.0.40219.1
Project("{8BC9CEB8-8B4A-11D0-8D11-00A0C91BC942}") = "类与对象3", "类与对象3\类与对象3.vcxproj", "{32CB803F-2401-437B-BDD9-F371357C09EB}"
EndProject
Global
	GlobalSection(SolutionConfigurationPlatforms) = preSolution
		Debug|Win32 = Debug|Win32
		Release|Win32 = Release|Win32
	EndGlobalSection
	GlobalSection(ProjectConfigurationPlatforms) = postSolution
		{32CB803F-2401-437B-BDD9-F371357C09EB}.Debug|Win32.ActiveCfg = Debug|Win32
		{32CB803F-2401-437B-BDD9-F371357C09EB}.Debug|Win32.Build.0 = Debug|Win32
		{32CB803F-2401-437B-BDD9-F371357C09EB}.Release|Win32.ActiveCfg = Release|Win32
		{32CB803F-2401-437B-BDD9-F371357C09EB}.Release|Win32.Build.0 = Release|Win32
	EndGlobalSection
	GlobalSection(SolutionProperties) = preSolution
		HideSolutionNode = FALSE
	EndGlobalSection
EndGlobal
